
Microsoft Visual Studio Solution File, Format Version 12.00
# Visual Studio 14
VisualStudioVersion = 14.0.23107.0
MinimumVisualStudioVersion = 10.0.40219.1
Project("{D2ABAB84-BF74-430A-B69E-9DC6D40DDA17}") = "tryhards", "DBS2_tryhards_analysis\tryhards.dwproj", "{1485AD6D-757E-4FFF-B580-323CC289D841}"
EndProject
Global
	GlobalSection(SolutionConfigurationPlatforms) = preSolution
		Development|Default = Development|Default
	EndGlobalSection
	GlobalSection(ProjectConfigurationPlatforms) = postSolution
		{1485AD6D-757E-4FFF-B580-323CC289D841}.Development|Default.ActiveCfg = Development
		{1485AD6D-757E-4FFF-B580-323CC289D841}.Development|Default.Build.0 = Development
		{1485AD6D-757E-4FFF-B580-323CC289D841}.Development|Default.Deploy.0 = Development
	EndGlobalSection
	GlobalSection(SolutionProperties) = preSolution
		HideSolutionNode = FALSE
	EndGlobalSection
EndGlobal
