
Microsoft Visual Studio Solution File, Format Version 12.00
# Visual Studio 14
VisualStudioVersion = 14.0.23107.0
MinimumVisualStudioVersion = 10.0.40219.1
Project("{D2ABAB84-BF74-430A-B69E-9DC6D40DDA17}") = "MultidimensionalProject1", "MultidimensionalProject1\MultidimensionalProject1.dwproj", "{93E616C4-EA0E-4800-AEC2-EE8C4F39C7CB}"
EndProject
Global
	GlobalSection(SolutionConfigurationPlatforms) = preSolution
		Development|Default = Development|Default
	EndGlobalSection
	GlobalSection(ProjectConfigurationPlatforms) = postSolution
		{93E616C4-EA0E-4800-AEC2-EE8C4F39C7CB}.Development|Default.ActiveCfg = Development
		{93E616C4-EA0E-4800-AEC2-EE8C4F39C7CB}.Development|Default.Build.0 = Development
		{93E616C4-EA0E-4800-AEC2-EE8C4F39C7CB}.Development|Default.Deploy.0 = Development
	EndGlobalSection
	GlobalSection(SolutionProperties) = preSolution
		HideSolutionNode = FALSE
	EndGlobalSection
EndGlobal
